# This file is automatically @generated by Cargo.
# It is not intended for manual editing.
version = 4

[[package]]
name = "algebra"
version = "0.1.0"

[[package]]
name = "binary_indexed_tree"
version = "0.1.0"
dependencies = [
 "clamp_range",
 "num_traits",
]

[[package]]
name = "cartesian_tree"
version = "0.1.0"

[[package]]
name = "clamp_range"
version = "0.1.0"

[[package]]
name = "lazy_segment_tree"
version = "0.1.0"
dependencies = [
 "algebra",
 "clamp_range",
]

[[package]]
name = "num_traits"
version = "0.1.0"

[[package]]
name = "segment_tree"
version = "0.1.0"
dependencies = [
 "algebra",
 "clamp_range",
]

[[package]]
name = "sliding_window_aggregation"
version = "0.1.0"
dependencies = [
 "algebra",
]

[[package]]
name = "urectanc"
version = "0.1.0"
dependencies = [
 "algebra",
 "binary_indexed_tree",
 "cartesian_tree",
 "clamp_range",
 "lazy_segment_tree",
 "num_traits",
 "segment_tree",
 "sliding_window_aggregation",
]
