# This file is automatically @generated by Cargo.
# It is not intended for manual editing.
version = 4

[[package]]
name = "algebra"
version = "0.1.0"

[[package]]
name = "binary_indexed_tree"
version = "0.1.0"
dependencies = [
 "clamp_range",
 "num_traits",
]

[[package]]
name = "cartesian_tree"
version = "0.1.0"

[[package]]
name = "clamp_range"
version = "0.1.0"

[[package]]
name = "compressed_sparse_row"
version = "0.1.0"

[[package]]
name = "disjoint_sparse_table"
version = "0.1.0"
dependencies = [
 "algebra",
 "clamp_range",
]

[[package]]
name = "interval_set"
version = "0.1.0"
dependencies = [
 "clamp_range",
]

[[package]]
name = "lazy_segment_tree"
version = "0.1.0"
dependencies = [
 "algebra",
 "clamp_range",
]

[[package]]
name = "low_link"
version = "0.1.0"
dependencies = [
 "compressed_sparse_row",
]

[[package]]
name = "mo"
version = "0.1.0"

[[package]]
name = "modint"
version = "0.1.0"

[[package]]
name = "montgomery"
version = "0.1.0"
dependencies = [
 "modint",
]

[[package]]
name = "num_traits"
version = "0.1.0"

[[package]]
name = "number_theoretic_transform"
version = "0.1.0"
dependencies = [
 "modint",
 "montgomery",
]

[[package]]
name = "polynomial"
version = "0.1.0"
dependencies = [
 "modint",
 "number_theoretic_transform",
]

[[package]]
name = "prime"
version = "0.1.0"

[[package]]
name = "rerooting"
version = "0.1.0"
dependencies = [
 "compressed_sparse_row",
]

[[package]]
name = "rolling_hash"
version = "0.1.0"
dependencies = [
 "clamp_range",
]

[[package]]
name = "segment_tree"
version = "0.1.0"
dependencies = [
 "algebra",
 "clamp_range",
]

[[package]]
name = "sliding_window_aggregation"
version = "0.1.0"
dependencies = [
 "algebra",
]

[[package]]
name = "suffix_array"
version = "0.1.0"

[[package]]
name = "urectanc"
version = "0.1.0"
dependencies = [
 "algebra",
 "binary_indexed_tree",
 "cartesian_tree",
 "clamp_range",
 "compressed_sparse_row",
 "disjoint_sparse_table",
 "interval_set",
 "lazy_segment_tree",
 "low_link",
 "mo",
 "modint",
 "montgomery",
 "num_traits",
 "number_theoretic_transform",
 "polynomial",
 "prime",
 "rerooting",
 "rolling_hash",
 "segment_tree",
 "sliding_window_aggregation",
 "suffix_array",
]
