# This file is automatically @generated by Cargo.
# It is not intended for manual editing.
version = 4

[[package]]
name = "binary_indexed_tree"
version = "0.1.0"
dependencies = [
 "clamp_range",
 "num_traits",
]

[[package]]
name = "clamp_range"
version = "0.1.0"

[[package]]
name = "num_traits"
version = "0.1.0"

[[package]]
name = "urectanc"
version = "0.1.0"
dependencies = [
 "binary_indexed_tree",
 "clamp_range",
 "num_traits",
]
